
Microsoft Visual Studio Solution File, Format Version 12.00
# Visual Studio Version 17
VisualStudioVersion = 17.1.32210.238
MinimumVisualStudioVersion = 10.0.40219.1
Project("{9A19103F-16F7-4668-BE54-9A1E7A4F7556}") = "Breakout", "Breakout\Breakout.csproj", "{B4ED84A4-F2ED-40BC-AE37-E0A26EF5E1A2}"
EndProject
Project("{9A19103F-16F7-4668-BE54-9A1E7A4F7556}") = "FireballEngine.Core", "FireballEngine.Core\FireballEngine.Core.csproj", "{671567D9-897D-4229-9BDB-C4F867FC032D}"
EndProject
Project("{9A19103F-16F7-4668-BE54-9A1E7A4F7556}") = "FireballEngine.UI.Blazor", "FireballEngine.UI.Blazor\FireballEngine.UI.Blazor.csproj", "{109F10AB-C48A-4B2F-A89F-2344E9FE875A}"
EndProject
Project("{FAE04EC0-301F-11D3-BF4B-00C04F79EFBC}") = "FireballEngine.Core.Tests", "FireballEngine.Core.Tests\FireballEngine.Core.Tests.csproj", "{0094926E-3514-4713-A9C8-A31C81779E94}"
EndProject
Global
	GlobalSection(SolutionConfigurationPlatforms) = preSolution
		Debug|Any CPU = Debug|Any CPU
		Release|Any CPU = Release|Any CPU
	EndGlobalSection
	GlobalSection(ProjectConfigurationPlatforms) = postSolution
		{B4ED84A4-F2ED-40BC-AE37-E0A26EF5E1A2}.Debug|Any CPU.ActiveCfg = Debug|Any CPU
		{B4ED84A4-F2ED-40BC-AE37-E0A26EF5E1A2}.Debug|Any CPU.Build.0 = Debug|Any CPU
		{B4ED84A4-F2ED-40BC-AE37-E0A26EF5E1A2}.Release|Any CPU.ActiveCfg = Release|Any CPU
		{B4ED84A4-F2ED-40BC-AE37-E0A26EF5E1A2}.Release|Any CPU.Build.0 = Release|Any CPU
		{671567D9-897D-4229-9BDB-C4F867FC032D}.Debug|Any CPU.ActiveCfg = Debug|Any CPU
		{671567D9-897D-4229-9BDB-C4F867FC032D}.Debug|Any CPU.Build.0 = Debug|Any CPU
		{671567D9-897D-4229-9BDB-C4F867FC032D}.Release|Any CPU.ActiveCfg = Release|Any CPU
		{671567D9-897D-4229-9BDB-C4F867FC032D}.Release|Any CPU.Build.0 = Release|Any CPU
		{109F10AB-C48A-4B2F-A89F-2344E9FE875A}.Debug|Any CPU.ActiveCfg = Debug|Any CPU
		{109F10AB-C48A-4B2F-A89F-2344E9FE875A}.Debug|Any CPU.Build.0 = Debug|Any CPU
		{109F10AB-C48A-4B2F-A89F-2344E9FE875A}.Release|Any CPU.ActiveCfg = Release|Any CPU
		{109F10AB-C48A-4B2F-A89F-2344E9FE875A}.Release|Any CPU.Build.0 = Release|Any CPU
		{0094926E-3514-4713-A9C8-A31C81779E94}.Debug|Any CPU.ActiveCfg = Debug|Any CPU
		{0094926E-3514-4713-A9C8-A31C81779E94}.Debug|Any CPU.Build.0 = Debug|Any CPU
		{0094926E-3514-4713-A9C8-A31C81779E94}.Release|Any CPU.ActiveCfg = Release|Any CPU
		{0094926E-3514-4713-A9C8-A31C81779E94}.Release|Any CPU.Build.0 = Release|Any CPU
	EndGlobalSection
	GlobalSection(SolutionProperties) = preSolution
		HideSolutionNode = FALSE
	EndGlobalSection
	GlobalSection(ExtensibilityGlobals) = postSolution
		SolutionGuid = {CF92EFF5-5724-4D16-92B5-E895CC5AC177}
	EndGlobalSection
EndGlobal
